{
  "name": "@bbs/synchronet",
  "version": "0.1.6",
  "lockfileVersion": 1,
  "requires": true,
  "dependencies": {
    "@tracker1/docker-cli": {
      "version": "1.0.4",
      "resolved": "https://registry.npmjs.org/@tracker1/docker-cli/-/docker-cli-1.0.4.tgz",
      "integrity": "sha512-0aCb9H1peTsiZNofkY3rjJPDrLHRNV0yMdu44K8pg6lKqoCJCXC2mNIB/HLirA98pVZMH3tP1LGdHzxq7IpnLA==",
      "requires": {
        "cli-table-2-json": "^1.0.13",
        "dockermachine-cli-js": "^3.0.5",
        "lodash.camelcase": "^4.3.0"
      }
    },
    "@types/blue-tape": {
      "version": "0.1.33",
      "resolved": "https://registry.npmjs.org/@types/blue-tape/-/blue-tape-0.1.33.tgz",
      "integrity": "sha512-l5cQcLM3aPh55bBQ4geWQ8hZ4Ew+s4RvyhMaBpgW3aJ2HUfRgwd8ENKrk/utC4Hz1dJAiehyIa4vN6emxBMaog==",
      "requires": {
        "@types/node": "*",
        "@types/tape": "*"
      }
    },
    "@types/lodash": {
      "version": "4.14.119",
      "resolved": "https://registry.npmjs.org/@types/lodash/-/lodash-4.14.119.tgz",
      "integrity": "sha512-Z3TNyBL8Vd/M9D9Ms2S3LmFq2sSMzahodD6rCS9V2N44HUMINb75jNkSuwAx7eo2ufqTdfOdtGQpNbieUjPQmw=="
    },
    "@types/mkdirp": {
      "version": "1.0.1",
      "resolved": "https://registry.npmjs.org/@types/mkdirp/-/mkdirp-1.0.1.tgz",
      "integrity": "sha512-HkGSK7CGAXncr8Qn/0VqNtExEE+PHMWb+qlR1faHMao7ng6P3tAaoWWBMdva0gL5h4zprjIO89GJOLXsMcDm1Q==",
      "dev": true,
      "requires": {
        "@types/node": "*"
      }
    },
    "@types/node": {
      "version": "14.14.30",
      "resolved": "https://registry.npmjs.org/@types/node/-/node-14.14.30.tgz",
      "integrity": "sha512-gUWhy8s45fQp4PqqKecsnOkdW0kt1IaKjgOIR3HPokkzTmQj9ji2wWFID5THu1MKrtO+d4s2lVrlEhXUsPXSvg=="
    },
    "@types/tape": {
      "version": "4.13.0",
      "resolved": "https://registry.npmjs.org/@types/tape/-/tape-4.13.0.tgz",
      "integrity": "sha512-0V8cKowBdsiA9nbxAg7531sF2cdPZNiUogcfIUeUGm+bejUBE/bvibz3rH36iQP9bQjO/sOzFwU97/uC5mCyoA==",
      "requires": {
        "@types/node": "*"
      }
    },
    "cli-table-2-json": {
      "version": "1.0.13",
      "resolved": "https://registry.npmjs.org/cli-table-2-json/-/cli-table-2-json-1.0.13.tgz",
      "integrity": "sha512-CpUj9dubfuIZSEezwUPycAJqM2dlATyyRUyBkfGeK2KNfrqK3XrdaBohMt0XlkEvsZyDfUEmPWCNvUO+a/7Wsw==",
      "requires": {
        "@types/blue-tape": "^0.1.30",
        "@types/lodash": "4.14.119",
        "lodash": "^4.17.15"
      }
    },
    "dockermachine-cli-js": {
      "version": "3.0.5",
      "resolved": "https://registry.npmjs.org/dockermachine-cli-js/-/dockermachine-cli-js-3.0.5.tgz",
      "integrity": "sha512-oV9RRKGvWrvsGl8JW9TWKpjBJVGxn/1qMvhqwPJiOPfRES0+lrq/Q8Wzixb6qinuXPVBhlWqhXb/Oxrh6Vuf/g==",
      "requires": {
        "cli-table-2-json": "1.0.13",
        "nodeify-ts": "1.0.6"
      }
    },
    "lodash": {
      "version": "4.17.20",
      "resolved": "https://registry.npmjs.org/lodash/-/lodash-4.17.20.tgz",
      "integrity": "sha512-PlhdFcillOINfeV7Ni6oF1TAEayyZBoZ8bcshTHqOYJYlrqzRK5hagpagky5o4HfCzzd1TRkXPMFq6cKk9rGmA=="
    },
    "lodash.camelcase": {
      "version": "4.3.0",
      "resolved": "https://registry.npmjs.org/lodash.camelcase/-/lodash.camelcase-4.3.0.tgz",
      "integrity": "sha1-soqmKIorn8ZRA1x3EfZathkDMaY="
    },
    "mkdirp": {
      "version": "1.0.4",
      "resolved": "https://registry.npmjs.org/mkdirp/-/mkdirp-1.0.4.tgz",
      "integrity": "sha512-vVqVZQyf3WLx2Shd0qJ9xuvqgAyKPLAiqITEtqW0oIUjzo3PePDd6fW9iFz30ef7Ysp/oiWqbhszeGWW2T6Gzw=="
    },
    "nodeify-ts": {
      "version": "1.0.6",
      "resolved": "https://registry.npmjs.org/nodeify-ts/-/nodeify-ts-1.0.6.tgz",
      "integrity": "sha512-jq+8sqVG1aLqy5maMTceL8NUJ1CvarWztlxvrYh3G0aao9BsVeoVmVedUnrUSBLetP7oLIAJrPrw4+iIo7v3GA=="
    },
    "typescript": {
      "version": "4.1.5",
      "resolved": "https://registry.npmjs.org/typescript/-/typescript-4.1.5.tgz",
      "integrity": "sha512-6OSu9PTIzmn9TCDiovULTnET6BgXtDYL4Gg4szY+cGsc3JP1dQL8qvE8kShTRx1NIw4Q9IBHlwODjkjWEtMUyA==",
      "dev": true
    },
    "yaml": {
      "version": "1.10.0",
      "resolved": "https://registry.npmjs.org/yaml/-/yaml-1.10.0.tgz",
      "integrity": "sha512-yr2icI4glYaNG+KWONODapy2/jDdMSDnrONSjblABjD9B4Z5LgiircSt8m8sRZFNi08kG9Sm0uSHtEmP3zaEGg=="
    }
  }
}
